dependencies:
- name: postgresql
  repository: https://charts.bitnami.com/bitnami
  version: 15.5.20
- name: kube-prometheus-stack
  repository: https://prometheus-community.github.io/helm-charts
  version: 58.1.2
- name: api-gateway
  repository: file://charts/api-gateway
  version: 0.1.0
- name: chatbot-service
  repository: file://charts/chatbot-service
  version: 0.1.0
- name: organization-service
  repository: file://charts/organization-service
  version: 0.1.0
digest: sha256:d2305df04195ba02e7c951ef5ed3e42e9448f33e652c9242613edbeec692095e
generated: "2026-05-17T21:05:07.300876795Z"
